
Microsoft Visual Studio Solution File, Format Version 12.00
# Visual Studio Version 17
VisualStudioVersion = 17.6.33723.286
MinimumVisualStudioVersion = 10.0.40219.1
Project("{9A19103F-16F7-4668-BE54-9A1E7A4F7556}") = "MudBlazorOnlineShop", "MudBlazorOnlineShop.csproj", "{574761E1-2FE8-43C9-9547-A44A9F574034}"
EndProject
Global
	GlobalSection(SolutionConfigurationPlatforms) = preSolution
		Debug|Any CPU = Debug|Any CPU
		Release|Any CPU = Release|Any CPU
	EndGlobalSection
	GlobalSection(ProjectConfigurationPlatforms) = postSolution
		{574761E1-2FE8-43C9-9547-A44A9F574034}.Debug|Any CPU.ActiveCfg = Debug|Any CPU
		{574761E1-2FE8-43C9-9547-A44A9F574034}.Debug|Any CPU.Build.0 = Debug|Any CPU
		{574761E1-2FE8-43C9-9547-A44A9F574034}.Release|Any CPU.ActiveCfg = Release|Any CPU
		{574761E1-2FE8-43C9-9547-A44A9F574034}.Release|Any CPU.Build.0 = Release|Any CPU
	EndGlobalSection
	GlobalSection(SolutionProperties) = preSolution
		HideSolutionNode = FALSE
	EndGlobalSection
	GlobalSection(ExtensibilityGlobals) = postSolution
		SolutionGuid = {E51C297D-9C13-4AE6-8126-29C3434ED947}
	EndGlobalSection
EndGlobal
